<?xml version="1.0" encoding="utf-8"?>
<Project ToolsVersion="4.0" xmlns="http://schemas.microsoft.com/developer/msbuild/2003">
  <ItemGroup>
    <Filter Include="源文件">
      <UniqueIdentifier>{4FC737F1-C7A5-4376-A066-2A32D752A2FF}</UniqueIdentifier>
      <Extensions>cpp;c;cc;cxx;def;odl;idl;hpj;bat;asm;asmx</Extensions>
    </Filter>
    <Filter Include="头文件">
      <UniqueIdentifier>{93995380-89BD-4b04-88EB-625FBE52EBFB}</UniqueIdentifier>
      <Extensions>h;hh;hpp;hxx;hm;inl;inc;xsd</Extensions>
    </Filter>
    <Filter Include="资源文件">
      <UniqueIdentifier>{67DA6AB6-F800-4c08-8B7A-83BB121AAD01}</UniqueIdentifier>
      <Extensions>rc;ico;cur;bmp;dlg;rc2;rct;bin;rgs;gif;jpg;jpeg;jpe;resx;tiff;tif;png;wav;mfcribbon-ms</Extensions>
    </Filter>
  </ItemGroup>
  <ItemGroup>
    <ClCompile Include="19RomoveNthNodeFromEndofList.cpp">
      <Filter>源文件</Filter>
    </ClCompile>
    <ClCompile Include="20ValidParentheses.cpp">
      <Filter>源文件</Filter>
    </ClCompile>
    <ClCompile Include="21MergeTwoSortedLists.cpp">
      <Filter>源文件</Filter>
    </ClCompile>
    <ClCompile Include="源.cpp">
      <Filter>源文件</Filter>
    </ClCompile>
    <ClCompile Include="23MergekSortedLists.cpp">
      <Filter>源文件</Filter>
    </ClCompile>
    <ClCompile Include="88MergeSortedArray.cpp">
      <Filter>源文件</Filter>
    </ClCompile>
    <ClCompile Include="148SortList.cpp">
      <Filter>源文件</Filter>
    </ClCompile>
    <ClCompile Include="147InsertionSortList.cpp">
      <Filter>源文件</Filter>
    </ClCompile>
    <ClCompile Include="22GenerateParentheses.cpp">
      <Filter>源文件</Filter>
    </ClCompile>
    <ClCompile Include="24SwapNodesinPairs.cpp">
      <Filter>源文件</Filter>
    </ClCompile>
    <ClCompile Include="26RemoveduplicatefromSortedArray.cpp">
      <Filter>源文件</Filter>
    </ClCompile>
    <ClCompile Include="27RemoveElement.cpp">
      <Filter>源文件</Filter>
    </ClCompile>
    <ClCompile Include="203RomoveLinkedListElement.cpp">
      <Filter>源文件</Filter>
    </ClCompile>
    <ClCompile Include="283Move Zeroes.cpp">
      <Filter>源文件</Filter>
    </ClCompile>
    <ClCompile Include="219containsDuplicateII.cpp">
      <Filter>源文件</Filter>
    </ClCompile>
    <ClCompile Include="217containDuplicate.cpp">
      <Filter>源文件</Filter>
    </ClCompile>
    <ClCompile Include="220Contains Duplicate III.cpp">
      <Filter>源文件</Filter>
    </ClCompile>
    <ClCompile Include="28Implement_strStr.cpp">
      <Filter>源文件</Filter>
    </ClCompile>
    <ClCompile Include="29DivideTwointegers.cpp">
      <Filter>源文件</Filter>
    </ClCompile>
    <ClCompile Include="38CountandSay.cpp">
      <Filter>源文件</Filter>
    </ClCompile>
    <ClCompile Include="36ValidSudoku.cpp">
      <Filter>源文件</Filter>
    </ClCompile>
    <ClCompile Include="37SudokuSolver.cpp">
      <Filter>源文件</Filter>
    </ClCompile>
    <ClCompile Include="58. Length of Last Word.cpp">
      <Filter>源文件</Filter>
    </ClCompile>
    <ClCompile Include="66. Plus One.cpp">
      <Filter>源文件</Filter>
    </ClCompile>
    <ClCompile Include="67.AddBinary.cpp">
      <Filter>源文件</Filter>
    </ClCompile>
    <ClCompile Include="43.MultiplyStrings.cpp">
      <Filter>源文件</Filter>
    </ClCompile>
    <ClCompile Include="70ClimbingStairs.cpp">
      <Filter>源文件</Filter>
    </ClCompile>
    <ClCompile Include="83.RemoveDuplicatesfromSortedList.cpp">
      <Filter>源文件</Filter>
    </ClCompile>
    <ClCompile Include="82.RemoveDuplicatesfromSortedListII.cpp">
      <Filter>源文件</Filter>
    </ClCompile>
    <ClCompile Include="80.SameTree.cpp">
      <Filter>源文件</Filter>
    </ClCompile>
    <ClCompile Include="101Symmetirc tree.cpp">
      <Filter>源文件</Filter>
    </ClCompile>
    <ClCompile Include="102.BinaryTreeLevelOrderTraversal.cpp">
      <Filter>源文件</Filter>
    </ClCompile>
    <ClCompile Include="103.BinaryTreeZigZagLevelOrderTranvesal.cpp">
      <Filter>源文件</Filter>
    </ClCompile>
    <ClCompile Include="104MaximumDepthofBinaryTree.cpp">
      <Filter>源文件</Filter>
    </ClCompile>
    <ClCompile Include="110.BalancedbinaryTree.cpp">
      <Filter>源文件</Filter>
    </ClCompile>
    <ClCompile Include="111. Minimum Depth of Binary Tree.cpp">
      <Filter>源文件</Filter>
    </ClCompile>
    <ClCompile Include="107. Binary Tree Level Order Traversal II.cpp">
      <Filter>源文件</Filter>
    </ClCompile>
    <ClCompile Include="105ConstructBinaryTreefromRreorderandInorderTraveral.cpp">
      <Filter>源文件</Filter>
    </ClCompile>
    <ClCompile Include="106ConstructBinaryTreefrominorderandPostorderTraversal.cpp">
      <Filter>源文件</Filter>
    </ClCompile>
    <ClCompile Include="108ConvertSortedArraytoBinarySearchTree.cpp">
      <Filter>源文件</Filter>
    </ClCompile>
    <ClCompile Include="109.ConvertSortedListtoBinarySearchTree.cpp">
      <Filter>源文件</Filter>
    </ClCompile>
  </ItemGroup>
  <ItemGroup>
    <ClInclude Include="Header.h">
      <Filter>头文件</Filter>
    </ClInclude>
  </ItemGroup>
</Project>